
Microsoft Visual Studio Solution File, Format Version 12.00
# Visual Studio Version 17
VisualStudioVersion = 17.9.34723.18
MinimumVisualStudioVersion = 10.0.40219.1
Project("{FAE04EC0-301F-11D3-BF4B-00C04F79EFBC}") = "Opta3", "Opta3\Opta3.csproj", "{9BC4CC46-1803-4DAB-95B7-8062D98DADC9}"
EndProject
Global
	GlobalSection(SolutionConfigurationPlatforms) = preSolution
		Debug|Any CPU = Debug|Any CPU
		Release|Any CPU = Release|Any CPU
	EndGlobalSection
	GlobalSection(ProjectConfigurationPlatforms) = postSolution
		{9BC4CC46-1803-4DAB-95B7-8062D98DADC9}.Debug|Any CPU.ActiveCfg = Debug|Any CPU
		{9BC4CC46-1803-4DAB-95B7-8062D98DADC9}.Debug|Any CPU.Build.0 = Debug|Any CPU
		{9BC4CC46-1803-4DAB-95B7-8062D98DADC9}.Release|Any CPU.ActiveCfg = Release|Any CPU
		{9BC4CC46-1803-4DAB-95B7-8062D98DADC9}.Release|Any CPU.Build.0 = Release|Any CPU
	EndGlobalSection
	GlobalSection(SolutionProperties) = preSolution
		HideSolutionNode = FALSE
	EndGlobalSection
	GlobalSection(ExtensibilityGlobals) = postSolution
		SolutionGuid = {653405D1-05CB-4B05-85CF-D7C6CAE9B1C7}
	EndGlobalSection
EndGlobal
